
Microsoft Visual Studio Solution File, Format Version 12.00
# Visual Studio Version 16
VisualStudioVersion = 16.0.31205.134
MinimumVisualStudioVersion = 10.0.40219.1
Project("{FAE04EC0-301F-11D3-BF4B-00C04F79EFBC}") = "CadastroDeClientes", "CadastroDeClientes\CadastroDeClientes.csproj", "{7694E6C8-D9FC-4631-A1A8-B4CC8BAE76BB}"
EndProject
Global
	GlobalSection(SolutionConfigurationPlatforms) = preSolution
		Debug|Any CPU = Debug|Any CPU
		Release|Any CPU = Release|Any CPU
	EndGlobalSection
	GlobalSection(ProjectConfigurationPlatforms) = postSolution
		{7694E6C8-D9FC-4631-A1A8-B4CC8BAE76BB}.Debug|Any CPU.ActiveCfg = Debug|Any CPU
		{7694E6C8-D9FC-4631-A1A8-B4CC8BAE76BB}.Debug|Any CPU.Build.0 = Debug|Any CPU
		{7694E6C8-D9FC-4631-A1A8-B4CC8BAE76BB}.Release|Any CPU.ActiveCfg = Release|Any CPU
		{7694E6C8-D9FC-4631-A1A8-B4CC8BAE76BB}.Release|Any CPU.Build.0 = Release|Any CPU
	EndGlobalSection
	GlobalSection(SolutionProperties) = preSolution
		HideSolutionNode = FALSE
	EndGlobalSection
	GlobalSection(ExtensibilityGlobals) = postSolution
		SolutionGuid = {FA6C12EF-1169-47FA-AAD8-631140B0C78F}
	EndGlobalSection
EndGlobal
